
Microsoft Visual Studio Solution File, Format Version 12.00
# Visual Studio 15
VisualStudioVersion = 15.0.27004.2010
MinimumVisualStudioVersion = 10.0.40219.1
Project("{F184B08F-C81C-45F6-A57F-5ABD9991F28F}") = "ClicServ 2.0", "ClicServ 2.0\ClicServ 2.0.vbproj", "{581737A0-8DAF-46A1-81AE-EDAD86BCE765}"
EndProject
Global
	GlobalSection(SolutionConfigurationPlatforms) = preSolution
		Debug|Any CPU = Debug|Any CPU
		Release|Any CPU = Release|Any CPU
	EndGlobalSection
	GlobalSection(ProjectConfigurationPlatforms) = postSolution
		{581737A0-8DAF-46A1-81AE-EDAD86BCE765}.Debug|Any CPU.ActiveCfg = Debug|Any CPU
		{581737A0-8DAF-46A1-81AE-EDAD86BCE765}.Debug|Any CPU.Build.0 = Debug|Any CPU
		{581737A0-8DAF-46A1-81AE-EDAD86BCE765}.Release|Any CPU.ActiveCfg = Release|Any CPU
		{581737A0-8DAF-46A1-81AE-EDAD86BCE765}.Release|Any CPU.Build.0 = Release|Any CPU
	EndGlobalSection
	GlobalSection(SolutionProperties) = preSolution
		HideSolutionNode = FALSE
	EndGlobalSection
	GlobalSection(ExtensibilityGlobals) = postSolution
		SolutionGuid = {E953923E-AF62-46EA-BDBB-272EE0404B5F}
	EndGlobalSection
EndGlobal
